// !$*UTF8*$!
{
	archiveVersion = 1;
	classes = {
	};
	objectVersion = 50;
	objects = {

/* Begin PBXBuildFile section */
		14852CCB2602F2B4003E59E2 /* AppDelegate.swift in Sources */ = {isa = PBXBuildFile; fileRef = 14852CCA2602F2B4003E59E2 /* AppDelegate.swift */; };
		14852CCD2602F2B4003E59E2 /* SceneDelegate.swift in Sources */ = {isa = PBXBuildFile; fileRef = 14852CCC2602F2B4003E59E2 /* SceneDelegate.swift */; };
		14852CCF2602F2B4003E59E2 /* ViewController.swift in Sources */ = {isa = PBXBuildFile; fileRef = 14852CCE2602F2B4003E59E2 /* ViewController.swift */; };
		14852CD22602F2B4003E59E2 /* Main.storyboard in Resources */ = {isa = PBXBuildFile; fileRef = 14852CD02602F2B4003E59E2 /* Main.storyboard */; };
		14852CD42602F2C4003E59E2 /* Assets.xcassets in Resources */ = {isa = PBXBuildFile; fileRef = 14852CD32602F2C4003E59E2 /* Assets.xcassets */; };
		14852CD72602F2C4003E59E2 /* LaunchScreen.storyboard in Resources */ = {isa = PBXBuildFile; fileRef = 14852CD52602F2C4003E59E2 /* LaunchScreen.storyboard */; };
		14C85EC22606295B00C06F9B /* myTableViewCell.swift in Sources */ = {isa = PBXBuildFile; fileRef = 14C85EC02606295B00C06F9B /* myTableViewCell.swift */; };
		14C85EC32606295B00C06F9B /* myTableViewCell.xib in Resources */ = {isa = PBXBuildFile; fileRef = 14C85EC12606295B00C06F9B /* myTableViewCell.xib */; };
/* End PBXBuildFile section */

/* Begin PBXFileReference section */
		14852CC72602F2B4003E59E2 /* avplayer.app */ = {isa = PBXFileReference; explicitFileType = wrapper.application; includeInIndex = 0; path = avplayer.app; sourceTree = BUILT_PRODUCTS_DIR; };
		14852CCA2602F2B4003E59E2 /* AppDelegate.swift */ = {isa = PBXFileReference; lastKnownFileType = sourcecode.swift; path = AppDelegate.swift; sourceTree = "<group>"; };
		14852CCC2602F2B4003E59E2 /* SceneDelegate.swift */ = {isa = PBXFileReference; lastKnownFileType = sourcecode.swift; path = SceneDelegate.swift; sourceTree = "<group>"; };
		14852CCE2602F2B4003E59E2 /* ViewController.swift */ = {isa = PBXFileReference; lastKnownFileType = sourcecode.swift; path = ViewController.swift; sourceTree = "<group>"; };
		14852CD12602F2B4003E59E2 /* Base */ = {isa = PBXFileReference; lastKnownFileType = file.storyboard; name = Base; path = Base.lproj/Main.storyboard; sourceTree = "<group>"; };
		14852CD32602F2C4003E59E2 /* Assets.xcassets */ = {isa = PBXFileReference; lastKnownFileType = folder.assetcatalog; path = Assets.xcassets; sourceTree = "<group>"; };
		14852CD62602F2C4003E59E2 /* Base */ = {isa = PBXFileReference; lastKnownFileType = file.storyboard; name = Base; path = Base.lproj/LaunchScreen.storyboard; sourceTree = "<group>"; };
		14852CD82602F2C5003E59E2 /* Info.plist */ = {isa = PBXFileReference; lastKnownFileType = text.plist.xml; path = Info.plist; sourceTree = "<group>"; };
		14C85EC02606295B00C06F9B /* myTableViewCell.swift */ = {isa = PBXFileReference; lastKnownFileType = sourcecode.swift; path = myTableViewCell.swift; sourceTree = "<group>"; };
		14C85EC12606295B00C06F9B /* myTableViewCell.xib */ = {isa = PBXFileReference; lastKnownFileType = file.xib; path = myTableViewCell.xib; sourceTree = "<group>"; };
/* End PBXFileReference section */

/* Begin PBXFrameworksBuildPhase section */
		14852CC42602F2B4003E59E2 /* Frameworks */ = {
			isa = PBXFrameworksBuildPhase;
			buildActionMask = 2147483647;
			files = (
			);
			runOnlyForDeploymentPostprocessing = 0;
		};
/* End PBXFrameworksBuildPhase section */

/* Begin PBXGroup section */
		14852CBE2602F2B4003E59E2 = {
			isa = PBXGroup;
			children = (
				14852CC92602F2B4003E59E2 /* avplayer */,
				14852CC82602F2B4003E59E2 /* Products */,
			);
			sourceTree = "<group>";
		};
		14852CC82602F2B4003E59E2 /* Products */ = {
			isa = PBXGroup;
			children = (
				14852CC72602F2B4003E59E2 /* avplayer.app */,
			);
			name = Products;
			sourceTree = "<group>";
		};
		14852CC92602F2B4003E59E2 /* avplayer */ = {
			isa = PBXGroup;
			children = (
				14C85EC526062E6C00C06F9B /* myTableView */,
				14852CCA2602F2B4003E59E2 /* AppDelegate.swift */,
				14852CCC2602F2B4003E59E2 /* SceneDelegate.swift */,
				14852CCE2602F2B4003E59E2 /* ViewController.swift */,
				14852CD02602F2B4003E59E2 /* Main.storyboard */,
				14852CD32602F2C4003E59E2 /* Assets.xcassets */,
				14852CD52602F2C4003E59E2 /* LaunchScreen.storyboard */,
				14852CD82602F2C5003E59E2 /* Info.plist */,
			);
			path = avplayer;
			sourceTree = "<group>";
		};
		14C85EC526062E6C00C06F9B /* myTableView */ = {
			isa = PBXGroup;
			children = (
				14C85EC12606295B00C06F9B /* myTableViewCell.xib */,
				14C85EC02606295B00C06F9B /* myTableViewCell.swift */,
			);
			path = myTableView;
			sourceTree = "<group>";
		};
/* End PBXGroup section */

/* Begin PBXNativeTarget section */
		14852CC62602F2B4003E59E2 /* avplayer */ = {
			isa = PBXNativeTarget;
			buildConfigurationList = 14852CDB2602F2C5003E59E2 /* Build configuration list for PBXNativeTarget "avplayer" */;
			buildPhases = (
				14852CC32602F2B4003E59E2 /* Sources */,
				14852CC42602F2B4003E59E2 /* Frameworks */,
				14852CC52602F2B4003E59E2 /* Resources */,
			);
			buildRules = (
			);
			dependencies = (
			);
			name = avplayer;
			productName = avplayer;
			productReference = 14852CC72602F2B4003E59E2 /* avplayer.app */;
			productType = "com.apple.product-type.application";
		};
/* End PBXNativeTarget section */

/* Begin PBXProject section */
		14852CBF2602F2B4003E59E2 /* Project object */ = {
			isa = PBXProject;
			attributes = {
				LastSwiftUpdateCheck = 1240;
				LastUpgradeCheck = 1240;
				TargetAttributes = {
					14852CC62602F2B4003E59E2 = {
						CreatedOnToolsVersion = 12.4;
					};
				};
			};
			buildConfigurationList = 14852CC22602F2B4003E59E2 /* Build configuration list for PBXProject "avplayer" */;
			compatibilityVersion = "Xcode 9.3";
			developmentRegion = en;
			hasScannedForEncodings = 0;
			knownRegions = (
				en,
				Base,
			);
			mainGroup = 14852CBE2602F2B4003E59E2;
			productRefGroup = 14852CC82602F2B4003E59E2 /* Products */;
			projectDirPath = "";
			projectRoot = "";
			targets = (
				14852CC62602F2B4003E59E2 /* avplayer */,
			);
		};
/* End PBXProject section */

/* Begin PBXResourcesBuildPhase section */
		14852CC52602F2B4003E59E2 /* Resources */ = {
			isa = PBXResourcesBuildPhase;
			buildActionMask = 2147483647;
			files = (
				14852CD72602F2C4003E59E2 /* LaunchScreen.storyboard in Resources */,
				14C85EC32606295B00C06F9B /* myTableViewCell.xib in Resources */,
				14852CD42602F2C4003E59E2 /* Assets.xcassets in Resources */,
				14852CD22602F2B4003E59E2 /* Main.storyboard in Resources */,
			);
			runOnlyForDeploymentPostprocessing = 0;
		};
/* End PBXResourcesBuildPhase section */

/* Begin PBXSourcesBuildPhase section */
		14852CC32602F2B4003E59E2 /* Sources */ = {
			isa = PBXSourcesBuildPhase;
			buildActionMask = 2147483647;
			files = (
				14852CCF2602F2B4003E59E2 /* ViewController.swift in Sources */,
				14C85EC22606295B00C06F9B /* myTableViewCell.swift in Sources */,
				14852CCB2602F2B4003E59E2 /* AppDelegate.swift in Sources */,
				14852CCD2602F2B4003E59E2 /* SceneDelegate.swift in Sources */,
			);
			runOnlyForDeploymentPostprocessing = 0;
		};
/* End PBXSourcesBuildPhase section */

/* Begin PBXVariantGroup section */
		14852CD02602F2B4003E59E2 /* Main.storyboard */ = {
			isa = PBXVariantGroup;
			children = (
				14852CD12602F2B4003E59E2 /* Base */,
			);
			name = Main.storyboard;
			sourceTree = "<group>";
		};
		14852CD52602F2C4003E59E2 /* LaunchScreen.storyboard */ = {
			isa = PBXVariantGroup;
			children = (
				14852CD62602F2C4003E59E2 /* Base */,
			);
			name = LaunchScreen.storyboard;
			sourceTree = "<group>";
		};
/* End PBXVariantGroup section */

/* Begin XCBuildConfiguration section */
		14852CD92602F2C5003E59E2 /* Debug */ = {
			isa = XCBuildConfiguration;
			buildSettings = {
				ALWAYS_SEARCH_USER_PATHS = NO;
				CLANG_ANALYZER_NONNULL = YES;
				CLANG_ANALYZER_NUMBER_OBJECT_CONVERSION = YES_AGGRESSIVE;
				CLANG_CXX_LANGUAGE_STANDARD = "gnu++14";
				CLANG_CXX_LIBRARY = "libc++";
				CLANG_ENABLE_MODULES = YES;
				CLANG_ENABLE_OBJC_ARC = YES;
				CLANG_ENABLE_OBJC_WEAK = YES;
				CLANG_WARN_BLOCK_CAPTURE_AUTORELEASING = YES;
				CLANG_WARN_BOOL_CONVERSION = YES;
				CLANG_WARN_COMMA = YES;
				CLANG_WARN_CONSTANT_CONVERSION = YES;
				CLANG_WARN_DEPRECATED_OBJC_IMPLEMENTATIONS = YES;
				CLANG_WARN_DIRECT_OBJC_ISA_USAGE = YES_ERROR;
				CLANG_WARN_DOCUMENTATION_COMMENTS = YES;
				CLANG_WARN_EMPTY_BODY = YES;
				CLANG_WARN_ENUM_CONVERSION = YES;
				CLANG_WARN_INFINITE_RECURSION = YES;
				CLANG_WARN_INT_CONVERSION = YES;
				CLANG_WARN_NON_LITERAL_NULL_CONVERSION = YES;
				CLANG_WARN_OBJC_IMPLICIT_RETAIN_SELF = YES;
				CLANG_WARN_OBJC_LITERAL_CONVERSION = YES;
				CLANG_WARN_OBJC_ROOT_CLASS = YES_ERROR;
				CLANG_WARN_QUOTED_INCLUDE_IN_FRAMEWORK_HEADER = YES;
				CLANG_WARN_RANGE_LOOP_ANALYSIS = YES;
				CLANG_WARN_STRICT_PROTOTYPES = YES;
				CLANG_WARN_SUSPICIOUS_MOVE = YES;
				CLANG_WARN_UNGUARDED_AVAILABILITY = YES_AGGRESSIVE;
				CLANG_WARN_UNREACHABLE_CODE = YES;
				CLANG_WARN__DUPLICATE_METHOD_MATCH = YES;
				COPY_PHASE_STRIP = NO;
				DEBUG_INFORMATION_FORMAT = dwarf;
				ENABLE_STRICT_OBJC_MSGSEND = YES;
				ENABLE_TESTABILITY = YES;
				GCC_C_LANGUAGE_STANDARD = gnu11;
				GCC_DYNAMIC_NO_PIC = NO;
				GCC_NO_COMMON_BLOCKS = YES;
				GCC_OPTIMIZATION_LEVEL = 0;
				GCC_PREPROCESSOR_DEFINITIONS = (
					"DEBUG=1",
					"$(inherited)",
				);
				GCC_WARN_64_TO_32_BIT_CONVERSION = YES;
				GCC_WARN_ABOUT_RETURN_TYPE = YES_ERROR;
				GCC_WARN_UNDECLARED_SELECTOR = YES;
				GCC_WARN_UNINITIALIZED_AUTOS = YES_AGGRESSIVE;
				GCC_WARN_UNUSED_FUNCTION = YES;
				GCC_WARN_UNUSED_VARIABLE = YES;
				IPHONEOS_DEPLOYMENT_TARGET = 14.4;
				MTL_ENABLE_DEBUG_INFO = INCLUDE_SOURCE;
				MTL_FAST_MATH = YES;
				ONLY_ACTIVE_ARCH = YES;
				SDKROOT = iphoneos;
				SWIFT_ACTIVE_COMPILATION_CONDITIONS = DEBUG;
				SWIFT_OPTIMIZATION_LEVEL = "-Onone";
			};
			name = Debug;
		};
		14852CDA2602F2C5003E59E2 /* Release */ = {
			isa = XCBuildConfiguration;
			buildSettings = {
				ALWAYS_SEARCH_USER_PATHS = NO;
				CLANG_ANALYZER_NONNULL = YES;
				CLANG_ANALYZER_NUMBER_OBJECT_CONVERSION = YES_AGGRESSIVE;
				CLANG_CXX_LANGUAGE_STANDARD = "gnu++14";
				CLANG_CXX_LIBRARY = "libc++";
				CLANG_ENABLE_MODULES = YES;
				CLANG_ENABLE_OBJC_ARC = YES;
				CLANG_ENABLE_OBJC_WEAK = YES;
				CLANG_WARN_BLOCK_CAPTURE_AUTORELEASING = YES;
				CLANG_WARN_BOOL_CONVERSION = YES;
				CLANG_WARN_COMMA = YES;
				CLANG_WARN_CONSTANT_CONVERSION = YES;
				CLANG_WARN_DEPRECATED_OBJC_IMPLEMENTATIONS = YES;
				CLANG_WARN_DIRECT_OBJC_ISA_USAGE = YES_ERROR;
				CLANG_WARN_DOCUMENTATION_COMMENTS = YES;
				CLANG_WARN_EMPTY_BODY = YES;
				CLANG_WARN_ENUM_CONVERSION = YES;
				CLANG_WARN_INFINITE_RECURSION = YES;
				CLANG_WARN_INT_CONVERSION = YES;
				CLANG_WARN_NON_LITERAL_NULL_CONVERSION = YES;
				CLANG_WARN_OBJC_IMPLICIT_RETAIN_SELF = YES;
				CLANG_WARN_OBJC_LITERAL_CONVERSION = YES;
				CLANG_WARN_OBJC_ROOT_CLASS = YES_ERROR;
				CLANG_WARN_QUOTED_INCLUDE_IN_FRAMEWORK_HEADER = YES;
				CLANG_WARN_RANGE_LOOP_ANALYSIS = YES;
				CLANG_WARN_STRICT_PROTOTYPES = YES;
				CLANG_WARN_SUSPICIOUS_MOVE = YES;
				CLANG_WARN_UNGUARDED_AVAILABILITY = YES_AGGRESSIVE;
				CLANG_WARN_UNREACHABLE_CODE = YES;
				CLANG_WARN__DUPLICATE_METHOD_MATCH = YES;
				COPY_PHASE_STRIP = NO;
				DEBUG_INFORMATION_FORMAT = "dwarf-with-dsym";
				ENABLE_NS_ASSERTIONS = NO;
				ENABLE_STRICT_OBJC_MSGSEND = YES;
				GCC_C_LANGUAGE_STANDARD = gnu11;
				GCC_NO_COMMON_BLOCKS = YES;
				GCC_WARN_64_TO_32_BIT_CONVERSION = YES;
				GCC_WARN_ABOUT_RETURN_TYPE = YES_ERROR;
				GCC_WARN_UNDECLARED_SELECTOR = YES;
				GCC_WARN_UNINITIALIZED_AUTOS = YES_AGGRESSIVE;
				GCC_WARN_UNUSED_FUNCTION = YES;
				GCC_WARN_UNUSED_VARIABLE = YES;
				IPHONEOS_DEPLOYMENT_TARGET = 14.4;
				MTL_ENABLE_DEBUG_INFO = NO;
				MTL_FAST_MATH = YES;
				SDKROOT = iphoneos;
				SWIFT_COMPILATION_MODE = wholemodule;
				SWIFT_OPTIMIZATION_LEVEL = "-O";
				VALIDATE_PRODUCT = YES;
			};
			name = Release;
		};
		14852CDC2602F2C5003E59E2 /* Debug */ = {
			isa = XCBuildConfiguration;
			buildSettings = {
				ASSETCATALOG_COMPILER_APPICON_NAME = AppIcon;
				ASSETCATALOG_COMPILER_GLOBAL_ACCENT_COLOR_NAME = AccentColor;
				CODE_SIGN_STYLE = Automatic;
				DEVELOPMENT_TEAM = CS86XU9U4V;
				INFOPLIST_FILE = avplayer/Info.plist;
				LD_RUNPATH_SEARCH_PATHS = (
					"$(inherited)",
					"@executable_path/Frameworks",
				);
				PRODUCT_BUNDLE_IDENTIFIER = order.avplayer;
				PRODUCT_NAME = "$(TARGET_NAME)";
				SWIFT_VERSION = 5.0;
				TARGETED_DEVICE_FAMILY = "1,2";
			};
			name = Debug;
		};
		14852CDD2602F2C5003E59E2 /* Release */ = {
			isa = XCBuildConfiguration;
			buildSettings = {
				ASSETCATALOG_COMPILER_APPICON_NAME = AppIcon;
				ASSETCATALOG_COMPILER_GLOBAL_ACCENT_COLOR_NAME = AccentColor;
				CODE_SIGN_STYLE = Automatic;
				DEVELOPMENT_TEAM = CS86XU9U4V;
				INFOPLIST_FILE = avplayer/Info.plist;
				LD_RUNPATH_SEARCH_PATHS = (
					"$(inherited)",
					"@executable_path/Frameworks",
				);
				PRODUCT_BUNDLE_IDENTIFIER = order.avplayer;
				PRODUCT_NAME = "$(TARGET_NAME)";
				SWIFT_VERSION = 5.0;
				TARGETED_DEVICE_FAMILY = "1,2";
			};
			name = Release;
		};
/* End XCBuildConfiguration section */

/* Begin XCConfigurationList section */
		14852CC22602F2B4003E59E2 /* Build configuration list for PBXProject "avplayer" */ = {
			isa = XCConfigurationList;
			buildConfigurations = (
				14852CD92602F2C5003E59E2 /* Debug */,
				14852CDA2602F2C5003E59E2 /* Release */,
			);
			defaultConfigurationIsVisible = 0;
			defaultConfigurationName = Release;
		};
		14852CDB2602F2C5003E59E2 /* Build configuration list for PBXNativeTarget "avplayer" */ = {
			isa = XCConfigurationList;
			buildConfigurations = (
				14852CDC2602F2C5003E59E2 /* Debug */,
				14852CDD2602F2C5003E59E2 /* Release */,
			);
			defaultConfigurationIsVisible = 0;
			defaultConfigurationName = Release;
		};
/* End XCConfigurationList section */
	};
	rootObject = 14852CBF2602F2B4003E59E2 /* Project object */;
}
